
Microsoft Visual Studio Solution File, Format Version 9.00
# Visual Studio 2005
# SharpDevelop 2.2.1.2622
Project("{FAE04EC0-301F-11D3-BF4B-00C04F79EFBC}") = "TaskScheduler", "TaskScheduler.csproj", "{BC28120F-A993-46A7-B10F-370DB4C1977A}"
EndProject
Global
	GlobalSection(SolutionConfigurationPlatforms) = preSolution
		Debug|Any CPU = Debug|Any CPU
		Release|Any CPU = Release|Any CPU
	EndGlobalSection
	GlobalSection(ProjectConfigurationPlatforms) = postSolution
		{BC28120F-A993-46A7-B10F-370DB4C1977A}.Debug|Any CPU.Build.0 = Debug|Any CPU
		{BC28120F-A993-46A7-B10F-370DB4C1977A}.Debug|Any CPU.ActiveCfg = Debug|Any CPU
		{BC28120F-A993-46A7-B10F-370DB4C1977A}.Release|Any CPU.Build.0 = Release|Any CPU
		{BC28120F-A993-46A7-B10F-370DB4C1977A}.Release|Any CPU.ActiveCfg = Release|Any CPU
	EndGlobalSection
EndGlobal
